// !$*UTF8*$!
{
	archiveVersion = 1;
	classes = {
	};
	objectVersion = 56;
	objects = {

/* Begin PBXBuildFile section */
		1A0000000000000000000001 /* OvertureApp.swift in Sources */ = {isa = PBXBuildFile; fileRef = 1A0000010000000000000001 /* OvertureApp.swift */; };
		1A0000000000000000000002 /* AppDelegate.swift in Sources */ = {isa = PBXBuildFile; fileRef = 1A0000010000000000000002 /* AppDelegate.swift */; };
		1A0000000000000000000003 /* Track.swift in Sources */ = {isa = PBXBuildFile; fileRef = 1A0000010000000000000003 /* Track.swift */; };
		1A0000000000000000000004 /* Fact.swift in Sources */ = {isa = PBXBuildFile; fileRef = 1A0000010000000000000004 /* Fact.swift */; };
		1A0000000000000000000005 /* ArtworkColors.swift in Sources */ = {isa = PBXBuildFile; fileRef = 1A0000010000000000000005 /* ArtworkColors.swift */; };
		1A0000000000000000000006 /* Constants.swift in Sources */ = {isa = PBXBuildFile; fileRef = 1A0000010000000000000006 /* Constants.swift */; };
		1A0000000000000000000007 /* Secrets.swift in Sources */ = {isa = PBXBuildFile; fileRef = 1A0000010000000000000007 /* Secrets.swift */; };
		1A0000000000000000000008 /* SpotifyAppleScriptBridge.swift in Sources */ = {isa = PBXBuildFile; fileRef = 1A0000010000000000000008 /* SpotifyAppleScriptBridge.swift */; };
		1A0000000000000000000009 /* SpotifyPollingService.swift in Sources */ = {isa = PBXBuildFile; fileRef = 1A0000010000000000000009 /* SpotifyPollingService.swift */; };
		1A000000000000000000000A /* ArtworkService.swift in Sources */ = {isa = PBXBuildFile; fileRef = 1A000001000000000000000A /* ArtworkService.swift */; };
		1A000000000000000000000B /* WikipediaAPIService.swift in Sources */ = {isa = PBXBuildFile; fileRef = 1A000001000000000000000B /* WikipediaAPIService.swift */; };
		1A000000000000000000000D /* FactsCache.swift in Sources */ = {isa = PBXBuildFile; fileRef = 1A000001000000000000000D /* FactsCache.swift */; };
		1A000000000000000000000E /* DominantColorExtractor.swift in Sources */ = {isa = PBXBuildFile; fileRef = 1A000001000000000000000E /* DominantColorExtractor.swift */; };
		1A000000000000000000000F /* AppState.swift in Sources */ = {isa = PBXBuildFile; fileRef = 1A000001000000000000000F /* AppState.swift */; };
		1A0000000000000000000010 /* ContentView.swift in Sources */ = {isa = PBXBuildFile; fileRef = 1A0000010000000000000010 /* ContentView.swift */; };
		1A0000000000000000000011 /* AmbientBackgroundView.swift in Sources */ = {isa = PBXBuildFile; fileRef = 1A0000010000000000000011 /* AmbientBackgroundView.swift */; };
		1A0000000000000000000012 /* AlbumArtView.swift in Sources */ = {isa = PBXBuildFile; fileRef = 1A0000010000000000000012 /* AlbumArtView.swift */; };
		1A0000000000000000000016 /* Assets.xcassets in Resources */ = {isa = PBXBuildFile; fileRef = 1A0000010000000000000016 /* Assets.xcassets */; };
		1A0000000000000000000018 /* LLMService.swift in Sources */ = {isa = PBXBuildFile; fileRef = 1A0000010000000000000018 /* LLMService.swift */; };
		1A0000000000000000000019 /* LabelGeneratorService.swift in Sources */ = {isa = PBXBuildFile; fileRef = 1A0000010000000000000019 /* LabelGeneratorService.swift */; };
		1A0000000000000000000020 /* DiscogsService.swift in Sources */ = {isa = PBXBuildFile; fileRef = 1A0000010000000000000020 /* DiscogsService.swift */; };
		1A0000000000000000000021 /* AIConfiguration.swift in Sources */ = {isa = PBXBuildFile; fileRef = 1A0000010000000000000021 /* AIConfiguration.swift */; };
		1A0000000000000000000022 /* AIService.swift in Sources */ = {isa = PBXBuildFile; fileRef = 1A0000010000000000000022 /* AIService.swift */; };
		1A0000000000000000000023 /* SettingsView.swift in Sources */ = {isa = PBXBuildFile; fileRef = 1A0000010000000000000023 /* SettingsView.swift */; };
/* End PBXBuildFile section */

/* Begin PBXFileReference section */
		1A0000010000000000000001 /* OvertureApp.swift */ = {isa = PBXFileReference; lastKnownFileType = sourcecode.swift; path = OvertureApp.swift; sourceTree = "<group>"; };
		1A0000010000000000000002 /* AppDelegate.swift */ = {isa = PBXFileReference; lastKnownFileType = sourcecode.swift; path = AppDelegate.swift; sourceTree = "<group>"; };
		1A0000010000000000000003 /* Track.swift */ = {isa = PBXFileReference; lastKnownFileType = sourcecode.swift; path = Track.swift; sourceTree = "<group>"; };
		1A0000010000000000000004 /* Fact.swift */ = {isa = PBXFileReference; lastKnownFileType = sourcecode.swift; path = Fact.swift; sourceTree = "<group>"; };
		1A0000010000000000000005 /* ArtworkColors.swift */ = {isa = PBXFileReference; lastKnownFileType = sourcecode.swift; path = ArtworkColors.swift; sourceTree = "<group>"; };
		1A0000010000000000000006 /* Constants.swift */ = {isa = PBXFileReference; lastKnownFileType = sourcecode.swift; path = Constants.swift; sourceTree = "<group>"; };
		1A0000010000000000000007 /* Secrets.swift */ = {isa = PBXFileReference; lastKnownFileType = sourcecode.swift; path = Secrets.swift; sourceTree = "<group>"; };
		1A0000010000000000000008 /* SpotifyAppleScriptBridge.swift */ = {isa = PBXFileReference; lastKnownFileType = sourcecode.swift; path = SpotifyAppleScriptBridge.swift; sourceTree = "<group>"; };
		1A0000010000000000000009 /* SpotifyPollingService.swift */ = {isa = PBXFileReference; lastKnownFileType = sourcecode.swift; path = SpotifyPollingService.swift; sourceTree = "<group>"; };
		1A000001000000000000000A /* ArtworkService.swift */ = {isa = PBXFileReference; lastKnownFileType = sourcecode.swift; path = ArtworkService.swift; sourceTree = "<group>"; };
		1A000001000000000000000B /* WikipediaAPIService.swift */ = {isa = PBXFileReference; lastKnownFileType = sourcecode.swift; path = WikipediaAPIService.swift; sourceTree = "<group>"; };
		1A000001000000000000000D /* FactsCache.swift */ = {isa = PBXFileReference; lastKnownFileType = sourcecode.swift; path = FactsCache.swift; sourceTree = "<group>"; };
		1A000001000000000000000E /* DominantColorExtractor.swift */ = {isa = PBXFileReference; lastKnownFileType = sourcecode.swift; path = DominantColorExtractor.swift; sourceTree = "<group>"; };
		1A000001000000000000000F /* AppState.swift */ = {isa = PBXFileReference; lastKnownFileType = sourcecode.swift; path = AppState.swift; sourceTree = "<group>"; };
		1A0000010000000000000010 /* ContentView.swift */ = {isa = PBXFileReference; lastKnownFileType = sourcecode.swift; path = ContentView.swift; sourceTree = "<group>"; };
		1A0000010000000000000011 /* AmbientBackgroundView.swift */ = {isa = PBXFileReference; lastKnownFileType = sourcecode.swift; path = AmbientBackgroundView.swift; sourceTree = "<group>"; };
		1A0000010000000000000012 /* AlbumArtView.swift */ = {isa = PBXFileReference; lastKnownFileType = sourcecode.swift; path = AlbumArtView.swift; sourceTree = "<group>"; };
		1A0000010000000000000016 /* Assets.xcassets */ = {isa = PBXFileReference; lastKnownFileType = folder.assetcatalog; path = Assets.xcassets; sourceTree = "<group>"; };
		1A0000020000000000000001 /* Overture.app */ = {isa = PBXFileReference; explicitFileType = wrapper.application; includeInIndex = 0; path = Overture.app; sourceTree = BUILT_PRODUCTS_DIR; };
		1A0000010000000000000017 /* Overture.entitlements */ = {isa = PBXFileReference; lastKnownFileType = text.plist.entitlements; path = Overture.entitlements; sourceTree = "<group>"; };
		1A0000010000000000000018 /* LLMService.swift */ = {isa = PBXFileReference; lastKnownFileType = sourcecode.swift; path = LLMService.swift; sourceTree = "<group>"; };
		1A0000010000000000000019 /* LabelGeneratorService.swift */ = {isa = PBXFileReference; lastKnownFileType = sourcecode.swift; path = LabelGeneratorService.swift; sourceTree = "<group>"; };
		1A0000010000000000000020 /* DiscogsService.swift */ = {isa = PBXFileReference; lastKnownFileType = sourcecode.swift; path = DiscogsService.swift; sourceTree = "<group>"; };
		1A0000010000000000000021 /* AIConfiguration.swift */ = {isa = PBXFileReference; lastKnownFileType = sourcecode.swift; path = AIConfiguration.swift; sourceTree = "<group>"; };
		1A0000010000000000000022 /* AIService.swift */ = {isa = PBXFileReference; lastKnownFileType = sourcecode.swift; path = AIService.swift; sourceTree = "<group>"; };
		1A0000010000000000000023 /* SettingsView.swift */ = {isa = PBXFileReference; lastKnownFileType = sourcecode.swift; path = SettingsView.swift; sourceTree = "<group>"; };
/* End PBXFileReference section */

/* Begin PBXFrameworksBuildPhase section */
		1A0000030000000000000001 /* Frameworks */ = {
			isa = PBXFrameworksBuildPhase;
			buildActionMask = 2147483647;
			files = (
			);
			runOnlyForDeploymentPostprocessing = 0;
		};
/* End PBXFrameworksBuildPhase section */

/* Begin PBXGroup section */
		1A0000040000000000000001 = {
			isa = PBXGroup;
			children = (
				1A0000040000000000000002 /* Overture */,
				1A0000040000000000000003 /* Products */,
			);
			sourceTree = "<group>";
		};
		1A0000040000000000000002 /* Overture */ = {
			isa = PBXGroup;
			children = (
				1A0000010000000000000001 /* OvertureApp.swift */,
				1A0000010000000000000002 /* AppDelegate.swift */,
				1A0000010000000000000017 /* Overture.entitlements */,
				1A0000040000000000000004 /* Models */,
				1A0000040000000000000005 /* State */,
				1A0000040000000000000006 /* Services */,
				1A0000040000000000000007 /* Views */,
				1A0000040000000000000008 /* Configuration */,
				1A000004000000000000000B /* Resources */,
			);
			path = Overture;
			sourceTree = "<group>";
		};
		1A0000040000000000000003 /* Products */ = {
			isa = PBXGroup;
			children = (
				1A0000020000000000000001 /* Overture.app */,
			);
			name = Products;
			sourceTree = "<group>";
		};
		1A0000040000000000000004 /* Models */ = {
			isa = PBXGroup;
			children = (
				1A0000010000000000000003 /* Track.swift */,
				1A0000010000000000000004 /* Fact.swift */,
				1A0000010000000000000005 /* ArtworkColors.swift */,
			);
			path = Models;
			sourceTree = "<group>";
		};
		1A0000040000000000000005 /* State */ = {
			isa = PBXGroup;
			children = (
				1A000001000000000000000F /* AppState.swift */,
			);
			path = State;
			sourceTree = "<group>";
		};
		1A0000040000000000000006 /* Services */ = {
			isa = PBXGroup;
			children = (
				1A0000040000000000000009 /* Spotify */,
				1A000004000000000000000A /* Wikipedia */,
				1A000004000000000000000C /* ColorExtraction */,
				1A000004000000000000000D /* Caching */,
				1A000004000000000000000E /* LLM */,
				1A000004000000000000000F /* Discogs */,
				1A0000040000000000000010 /* AI */,
			);
			path = Services;
			sourceTree = "<group>";
		};
		1A0000040000000000000007 /* Views */ = {
			isa = PBXGroup;
			children = (
				1A0000010000000000000010 /* ContentView.swift */,
				1A0000010000000000000011 /* AmbientBackgroundView.swift */,
				1A0000010000000000000012 /* AlbumArtView.swift */,
				1A0000010000000000000023 /* SettingsView.swift */,
			);
			path = Views;
			sourceTree = "<group>";
		};
		1A0000040000000000000008 /* Configuration */ = {
			isa = PBXGroup;
			children = (
				1A0000010000000000000006 /* Constants.swift */,
				1A0000010000000000000007 /* Secrets.swift */,
				1A0000010000000000000021 /* AIConfiguration.swift */,
			);
			path = Configuration;
			sourceTree = "<group>";
		};
		1A0000040000000000000009 /* Spotify */ = {
			isa = PBXGroup;
			children = (
				1A0000010000000000000008 /* SpotifyAppleScriptBridge.swift */,
				1A0000010000000000000009 /* SpotifyPollingService.swift */,
				1A000001000000000000000A /* ArtworkService.swift */,
			);
			path = Spotify;
			sourceTree = "<group>";
		};
		1A000004000000000000000A /* Wikipedia */ = {
			isa = PBXGroup;
			children = (
				1A000001000000000000000B /* WikipediaAPIService.swift */,
			);
			path = Wikipedia;
			sourceTree = "<group>";
		};
		1A000004000000000000000B /* Resources */ = {
			isa = PBXGroup;
			children = (
				1A0000010000000000000016 /* Assets.xcassets */,
			);
			path = Resources;
			sourceTree = "<group>";
		};
		1A000004000000000000000C /* ColorExtraction */ = {
			isa = PBXGroup;
			children = (
				1A000001000000000000000E /* DominantColorExtractor.swift */,
			);
			path = ColorExtraction;
			sourceTree = "<group>";
		};
		1A000004000000000000000D /* Caching */ = {
			isa = PBXGroup;
			children = (
				1A000001000000000000000D /* FactsCache.swift */,
			);
			path = Caching;
			sourceTree = "<group>";
		};
		1A000004000000000000000E /* LLM */ = {
			isa = PBXGroup;
			children = (
				1A0000010000000000000018 /* LLMService.swift */,
				1A0000010000000000000019 /* LabelGeneratorService.swift */,
			);
			path = LLM;
			sourceTree = "<group>";
		};
		1A000004000000000000000F /* Discogs */ = {
			isa = PBXGroup;
			children = (
				1A0000010000000000000020 /* DiscogsService.swift */,
			);
			path = Discogs;
			sourceTree = "<group>";
		};
		1A0000040000000000000010 /* AI */ = {
			isa = PBXGroup;
			children = (
				1A0000010000000000000022 /* AIService.swift */,
			);
			path = AI;
			sourceTree = "<group>";
		};
/* End PBXGroup section */

/* Begin PBXNativeTarget section */
		1A0000050000000000000001 /* Overture */ = {
			isa = PBXNativeTarget;
			buildConfigurationList = 1A0000060000000000000001 /* Build configuration list for PBXNativeTarget "Overture" */;
			buildPhases = (
				1A0000070000000000000001 /* Sources */,
				1A0000030000000000000001 /* Frameworks */,
				1A0000080000000000000001 /* Resources */,
			);
			buildRules = (
			);
			dependencies = (
			);
			name = Overture;
			productName = Overture;
			productReference = 1A0000020000000000000001 /* Overture.app */;
			productType = "com.apple.product-type.application";
		};
/* End PBXNativeTarget section */

/* Begin PBXProject section */
		1A0000090000000000000001 /* Project object */ = {
			isa = PBXProject;
			attributes = {
				BuildIndependentTargetsInParallel = 1;
				LastSwiftUpdateCheck = 1500;
				LastUpgradeCheck = 1500;
				TargetAttributes = {
					1A0000050000000000000001 = {
						CreatedOnToolsVersion = 15.0;
					};
				};
			};
			buildConfigurationList = 1A000006000000000000000A /* Build configuration list for PBXProject "Overture" */;
			compatibilityVersion = "Xcode 14.0";
			developmentRegion = en;
			hasScannedForEncodings = 0;
			knownRegions = (
				en,
				Base,
			);
			mainGroup = 1A0000040000000000000001;
			productRefGroup = 1A0000040000000000000003 /* Products */;
			projectDirPath = "";
			projectRoot = "";
			targets = (
				1A0000050000000000000001 /* Overture */,
			);
		};
/* End PBXProject section */

/* Begin PBXResourcesBuildPhase section */
		1A0000080000000000000001 /* Resources */ = {
			isa = PBXResourcesBuildPhase;
			buildActionMask = 2147483647;
			files = (
				1A0000000000000000000016 /* Assets.xcassets in Resources */,
			);
			runOnlyForDeploymentPostprocessing = 0;
		};
/* End PBXResourcesBuildPhase section */

/* Begin PBXSourcesBuildPhase section */
		1A0000070000000000000001 /* Sources */ = {
			isa = PBXSourcesBuildPhase;
			buildActionMask = 2147483647;
			files = (
				1A0000000000000000000001 /* OvertureApp.swift in Sources */,
				1A0000000000000000000002 /* AppDelegate.swift in Sources */,
				1A0000000000000000000003 /* Track.swift in Sources */,
				1A0000000000000000000004 /* Fact.swift in Sources */,
				1A0000000000000000000005 /* ArtworkColors.swift in Sources */,
				1A0000000000000000000006 /* Constants.swift in Sources */,
				1A0000000000000000000007 /* Secrets.swift in Sources */,
				1A0000000000000000000008 /* SpotifyAppleScriptBridge.swift in Sources */,
				1A0000000000000000000009 /* SpotifyPollingService.swift in Sources */,
				1A000000000000000000000A /* ArtworkService.swift in Sources */,
				1A000000000000000000000B /* WikipediaAPIService.swift in Sources */,
				1A000000000000000000000D /* FactsCache.swift in Sources */,
				1A000000000000000000000E /* DominantColorExtractor.swift in Sources */,
				1A000000000000000000000F /* AppState.swift in Sources */,
				1A0000000000000000000010 /* ContentView.swift in Sources */,
				1A0000000000000000000011 /* AmbientBackgroundView.swift in Sources */,
				1A0000000000000000000012 /* AlbumArtView.swift in Sources */,
				1A0000000000000000000018 /* LLMService.swift in Sources */,
				1A0000000000000000000019 /* LabelGeneratorService.swift in Sources */,
				1A0000000000000000000020 /* DiscogsService.swift in Sources */,
				1A0000000000000000000021 /* AIConfiguration.swift in Sources */,
				1A0000000000000000000022 /* AIService.swift in Sources */,
				1A0000000000000000000023 /* SettingsView.swift in Sources */,
			);
			runOnlyForDeploymentPostprocessing = 0;
		};
/* End PBXSourcesBuildPhase section */

/* Begin XCBuildConfiguration section */
		1A000006000000000000000B /* Debug */ = {
			isa = XCBuildConfiguration;
			buildSettings = {
				ALWAYS_SEARCH_USER_PATHS = NO;
				ASSETCATALOG_COMPILER_GENERATE_SWIFT_ASSET_SYMBOL_EXTENSIONS = YES;
				CLANG_ANALYZER_NONNULL = YES;
				CLANG_ANALYZER_NUMBER_OBJECT_CONVERSION = YES_AGGRESSIVE;
				CLANG_CXX_LANGUAGE_STANDARD = "gnu++20";
				CLANG_ENABLE_MODULES = YES;
				CLANG_ENABLE_OBJC_ARC = YES;
				CLANG_ENABLE_OBJC_WEAK = YES;
				CLANG_WARN_BLOCK_CAPTURE_AUTORELEASING = YES;
				CLANG_WARN_BOOL_CONVERSION = YES;
				CLANG_WARN_COMMA = YES;
				CLANG_WARN_CONSTANT_CONVERSION = YES;
				CLANG_WARN_DEPRECATED_OBJC_IMPLEMENTATIONS = YES;
				CLANG_WARN_DIRECT_OBJC_ISA_USAGE = YES_ERROR;
				CLANG_WARN_DOCUMENTATION_COMMENTS = YES;
				CLANG_WARN_EMPTY_BODY = YES;
				CLANG_WARN_ENUM_CONVERSION = YES;
				CLANG_WARN_INFINITE_RECURSION = YES;
				CLANG_WARN_INT_CONVERSION = YES;
				CLANG_WARN_NON_LITERAL_NULL_CONVERSION = YES;
				CLANG_WARN_OBJC_IMPLICIT_RETAIN_SELF = YES;
				CLANG_WARN_OBJC_LITERAL_CONVERSION = YES;
				CLANG_WARN_OBJC_ROOT_CLASS = YES_ERROR;
				CLANG_WARN_QUOTED_INCLUDE_IN_FRAMEWORK_HEADER = YES;
				CLANG_WARN_RANGE_LOOP_ANALYSIS = YES;
				CLANG_WARN_STRICT_PROTOTYPES = YES;
				CLANG_WARN_SUSPICIOUS_MOVE = YES;
				CLANG_WARN_UNGUARDED_AVAILABILITY = YES_AGGRESSIVE;
				CLANG_WARN_UNREACHABLE_CODE = YES;
				CLANG_WARN__DUPLICATE_METHOD_MATCH = YES;
				COPY_PHASE_STRIP = NO;
				DEBUG_INFORMATION_FORMAT = dwarf;
				ENABLE_STRICT_OBJC_MSGSEND = YES;
				ENABLE_TESTABILITY = YES;
				ENABLE_USER_SCRIPT_SANDBOXING = YES;
				GCC_C_LANGUAGE_STANDARD = gnu17;
				GCC_DYNAMIC_NO_PIC = NO;
				GCC_NO_COMMON_BLOCKS = YES;
				GCC_OPTIMIZATION_LEVEL = 0;
				GCC_PREPROCESSOR_DEFINITIONS = (
					"DEBUG=1",
					"$(inherited)",
				);
				GCC_WARN_64_TO_32_BIT_CONVERSION = YES;
				GCC_WARN_ABOUT_RETURN_TYPE = YES_ERROR;
				GCC_WARN_UNDECLARED_SELECTOR = YES;
				GCC_WARN_UNINITIALIZED_AUTOS = YES_AGGRESSIVE;
				GCC_WARN_UNUSED_FUNCTION = YES;
				GCC_WARN_UNUSED_VARIABLE = YES;
				LOCALIZATION_PREFERS_STRING_CATALOGS = YES;
				MACOSX_DEPLOYMENT_TARGET = 13.0;
				MTL_ENABLE_DEBUG_INFO = INCLUDE_SOURCE;
				MTL_FAST_MATH = YES;
				ONLY_ACTIVE_ARCH = YES;
				SDKROOT = macosx;
				SWIFT_ACTIVE_COMPILATION_CONDITIONS = "DEBUG $(inherited)";
				SWIFT_OPTIMIZATION_LEVEL = "-Onone";
			};
			name = Debug;
		};
		1A000006000000000000000C /* Release */ = {
			isa = XCBuildConfiguration;
			buildSettings = {
				ALWAYS_SEARCH_USER_PATHS = NO;
				ASSETCATALOG_COMPILER_GENERATE_SWIFT_ASSET_SYMBOL_EXTENSIONS = YES;
				CLANG_ANALYZER_NONNULL = YES;
				CLANG_ANALYZER_NUMBER_OBJECT_CONVERSION = YES_AGGRESSIVE;
				CLANG_CXX_LANGUAGE_STANDARD = "gnu++20";
				CLANG_ENABLE_MODULES = YES;
				CLANG_ENABLE_OBJC_ARC = YES;
				CLANG_ENABLE_OBJC_WEAK = YES;
				CLANG_WARN_BLOCK_CAPTURE_AUTORELEASING = YES;
				CLANG_WARN_BOOL_CONVERSION = YES;
				CLANG_WARN_COMMA = YES;
				CLANG_WARN_CONSTANT_CONVERSION = YES;
				CLANG_WARN_DEPRECATED_OBJC_IMPLEMENTATIONS = YES;
				CLANG_WARN_DIRECT_OBJC_ISA_USAGE = YES_ERROR;
				CLANG_WARN_DOCUMENTATION_COMMENTS = YES;
				CLANG_WARN_EMPTY_BODY = YES;
				CLANG_WARN_ENUM_CONVERSION = YES;
				CLANG_WARN_INFINITE_RECURSION = YES;
				CLANG_WARN_INT_CONVERSION = YES;
				CLANG_WARN_NON_LITERAL_NULL_CONVERSION = YES;
				CLANG_WARN_OBJC_IMPLICIT_RETAIN_SELF = YES;
				CLANG_WARN_OBJC_LITERAL_CONVERSION = YES;
				CLANG_WARN_OBJC_ROOT_CLASS = YES_ERROR;
				CLANG_WARN_QUOTED_INCLUDE_IN_FRAMEWORK_HEADER = YES;
				CLANG_WARN_RANGE_LOOP_ANALYSIS = YES;
				CLANG_WARN_STRICT_PROTOTYPES = YES;
				CLANG_WARN_SUSPICIOUS_MOVE = YES;
				CLANG_WARN_UNGUARDED_AVAILABILITY = YES_AGGRESSIVE;
				CLANG_WARN_UNREACHABLE_CODE = YES;
				CLANG_WARN__DUPLICATE_METHOD_MATCH = YES;
				COPY_PHASE_STRIP = NO;
				DEBUG_INFORMATION_FORMAT = "dwarf-with-dsym";
				ENABLE_NS_ASSERTIONS = NO;
				ENABLE_STRICT_OBJC_MSGSEND = YES;
				ENABLE_USER_SCRIPT_SANDBOXING = YES;
				GCC_C_LANGUAGE_STANDARD = gnu17;
				GCC_NO_COMMON_BLOCKS = YES;
				GCC_WARN_64_TO_32_BIT_CONVERSION = YES;
				GCC_WARN_ABOUT_RETURN_TYPE = YES_ERROR;
				GCC_WARN_UNDECLARED_SELECTOR = YES;
				GCC_WARN_UNINITIALIZED_AUTOS = YES_AGGRESSIVE;
				GCC_WARN_UNUSED_FUNCTION = YES;
				GCC_WARN_UNUSED_VARIABLE = YES;
				LOCALIZATION_PREFERS_STRING_CATALOGS = YES;
				MACOSX_DEPLOYMENT_TARGET = 13.0;
				MTL_ENABLE_DEBUG_INFO = NO;
				MTL_FAST_MATH = YES;
				SDKROOT = macosx;
				SWIFT_COMPILATION_MODE = wholemodule;
			};
			name = Release;
		};
		1A0000060000000000000002 /* Debug */ = {
			isa = XCBuildConfiguration;
			buildSettings = {
				ASSETCATALOG_COMPILER_APPICON_NAME = AppIcon;
				ASSETCATALOG_COMPILER_GLOBAL_ACCENT_COLOR_NAME = AccentColor;
				CODE_SIGN_ENTITLEMENTS = Overture/Overture.entitlements;
				CODE_SIGN_STYLE = Automatic;
				COMBINE_HIDPI_IMAGES = YES;
				CURRENT_PROJECT_VERSION = 1;
				DEVELOPMENT_ASSET_PATHS = "";
				ENABLE_HARDENED_RUNTIME = YES;
				ENABLE_PREVIEWS = YES;
				GENERATE_INFOPLIST_FILE = YES;
				INFOPLIST_KEY_LSApplicationCategoryType = "public.app-category.music";
				INFOPLIST_KEY_NSAppleEventsUsageDescription = "Overture needs access to control Spotify to display now-playing information.";
				INFOPLIST_KEY_NSHumanReadableCopyright = "";
				LD_RUNPATH_SEARCH_PATHS = (
					"$(inherited)",
					"@executable_path/../Frameworks",
				);
				MARKETING_VERSION = 1.0;
				PRODUCT_BUNDLE_IDENTIFIER = com.overture.app;
				PRODUCT_NAME = "$(TARGET_NAME)";
				SWIFT_EMIT_LOC_STRINGS = YES;
				SWIFT_VERSION = 5.0;
			};
			name = Debug;
		};
		1A0000060000000000000003 /* Release */ = {
			isa = XCBuildConfiguration;
			buildSettings = {
				ASSETCATALOG_COMPILER_APPICON_NAME = AppIcon;
				ASSETCATALOG_COMPILER_GLOBAL_ACCENT_COLOR_NAME = AccentColor;
				CODE_SIGN_ENTITLEMENTS = Overture/Overture.entitlements;
				CODE_SIGN_STYLE = Automatic;
				COMBINE_HIDPI_IMAGES = YES;
				CURRENT_PROJECT_VERSION = 1;
				DEVELOPMENT_ASSET_PATHS = "";
				ENABLE_HARDENED_RUNTIME = YES;
				ENABLE_PREVIEWS = YES;
				GENERATE_INFOPLIST_FILE = YES;
				INFOPLIST_KEY_LSApplicationCategoryType = "public.app-category.music";
				INFOPLIST_KEY_NSAppleEventsUsageDescription = "Overture needs access to control Spotify to display now-playing information.";
				INFOPLIST_KEY_NSHumanReadableCopyright = "";
				LD_RUNPATH_SEARCH_PATHS = (
					"$(inherited)",
					"@executable_path/../Frameworks",
				);
				MARKETING_VERSION = 1.0;
				PRODUCT_BUNDLE_IDENTIFIER = com.overture.app;
				PRODUCT_NAME = "$(TARGET_NAME)";
				SWIFT_EMIT_LOC_STRINGS = YES;
				SWIFT_VERSION = 5.0;
			};
			name = Release;
		};
/* End XCBuildConfiguration section */

/* Begin XCConfigurationList section */
		1A000006000000000000000A /* Build configuration list for PBXProject "Overture" */ = {
			isa = XCConfigurationList;
			buildConfigurations = (
				1A000006000000000000000B /* Debug */,
				1A000006000000000000000C /* Release */,
			);
			defaultConfigurationIsVisible = 0;
			defaultConfigurationName = Release;
		};
		1A0000060000000000000001 /* Build configuration list for PBXNativeTarget "Overture" */ = {
			isa = XCConfigurationList;
			buildConfigurations = (
				1A0000060000000000000002 /* Debug */,
				1A0000060000000000000003 /* Release */,
			);
			defaultConfigurationIsVisible = 0;
			defaultConfigurationName = Release;
		};
/* End XCConfigurationList section */
	};
	rootObject = 1A0000090000000000000001 /* Project object */;
}
